
Microsoft Visual Studio Solution File, Format Version 12.00
# Visual Studio Express 2013 for Windows Desktop
VisualStudioVersion = 12.0.30501.0
MinimumVisualStudioVersion = 10.0.40219.1
Project("{FAE04EC0-301F-11D3-BF4B-00C04F79EFBC}") = "GTCS1Lib", "..\MonoGameEngineLib\GTCS1Lib.csproj", "{3CDE3BAD-BA33-44F9-8D3E-046B46195A5C}"
EndProject
Project("{FAE04EC0-301F-11D3-BF4B-00C04F79EFBC}") = "SpaceSmasherLib", "..\SpaceSmasherLib\SpaceSmasherLib\SpaceSmasherLib.csproj", "{C91AE0B5-BF0B-4550-97EB-D809ED9B83F7}"
	ProjectSection(ProjectDependencies) = postProject
		{3CDE3BAD-BA33-44F9-8D3E-046B46195A5C} = {3CDE3BAD-BA33-44F9-8D3E-046B46195A5C}
	EndProjectSection
EndProject
Project("{FAE04EC0-301F-11D3-BF4B-00C04F79EFBC}") = "SpaceSmasherCSharp", "SpaceSmasherCSharp\SpaceSmasherCSharp.csproj", "{5184C272-E939-40A8-8662-7CC285B0B811}"
EndProject
Global
	GlobalSection(SolutionConfigurationPlatforms) = preSolution
		Debug|Any CPU = Debug|Any CPU
		Debug|Mixed Platforms = Debug|Mixed Platforms
		Debug|x86 = Debug|x86
		Release|Any CPU = Release|Any CPU
		Release|Mixed Platforms = Release|Mixed Platforms
		Release|x86 = Release|x86
	EndGlobalSection
	GlobalSection(ProjectConfigurationPlatforms) = postSolution
		{3CDE3BAD-BA33-44F9-8D3E-046B46195A5C}.Debug|Any CPU.ActiveCfg = Debug|Any CPU
		{3CDE3BAD-BA33-44F9-8D3E-046B46195A5C}.Debug|Any CPU.Build.0 = Debug|Any CPU
		{3CDE3BAD-BA33-44F9-8D3E-046B46195A5C}.Debug|Mixed Platforms.ActiveCfg = Debug|Any CPU
		{3CDE3BAD-BA33-44F9-8D3E-046B46195A5C}.Debug|Mixed Platforms.Build.0 = Debug|Any CPU
		{3CDE3BAD-BA33-44F9-8D3E-046B46195A5C}.Debug|x86.ActiveCfg = Debug|Any CPU
		{3CDE3BAD-BA33-44F9-8D3E-046B46195A5C}.Release|Any CPU.ActiveCfg = Release|Any CPU
		{3CDE3BAD-BA33-44F9-8D3E-046B46195A5C}.Release|Any CPU.Build.0 = Release|Any CPU
		{3CDE3BAD-BA33-44F9-8D3E-046B46195A5C}.Release|Mixed Platforms.ActiveCfg = Release|Any CPU
		{3CDE3BAD-BA33-44F9-8D3E-046B46195A5C}.Release|Mixed Platforms.Build.0 = Release|Any CPU
		{3CDE3BAD-BA33-44F9-8D3E-046B46195A5C}.Release|x86.ActiveCfg = Release|Any CPU
		{C91AE0B5-BF0B-4550-97EB-D809ED9B83F7}.Debug|Any CPU.ActiveCfg = Debug|Any CPU
		{C91AE0B5-BF0B-4550-97EB-D809ED9B83F7}.Debug|Any CPU.Build.0 = Debug|Any CPU
		{C91AE0B5-BF0B-4550-97EB-D809ED9B83F7}.Debug|Mixed Platforms.ActiveCfg = Debug|Any CPU
		{C91AE0B5-BF0B-4550-97EB-D809ED9B83F7}.Debug|Mixed Platforms.Build.0 = Debug|Any CPU
		{C91AE0B5-BF0B-4550-97EB-D809ED9B83F7}.Debug|x86.ActiveCfg = Debug|Any CPU
		{C91AE0B5-BF0B-4550-97EB-D809ED9B83F7}.Release|Any CPU.ActiveCfg = Release|Any CPU
		{C91AE0B5-BF0B-4550-97EB-D809ED9B83F7}.Release|Any CPU.Build.0 = Release|Any CPU
		{C91AE0B5-BF0B-4550-97EB-D809ED9B83F7}.Release|Mixed Platforms.ActiveCfg = Release|Any CPU
		{C91AE0B5-BF0B-4550-97EB-D809ED9B83F7}.Release|Mixed Platforms.Build.0 = Release|Any CPU
		{C91AE0B5-BF0B-4550-97EB-D809ED9B83F7}.Release|x86.ActiveCfg = Release|Any CPU
		{5184C272-E939-40A8-8662-7CC285B0B811}.Debug|Any CPU.ActiveCfg = Debug|x86
		{5184C272-E939-40A8-8662-7CC285B0B811}.Debug|Mixed Platforms.ActiveCfg = Debug|x86
		{5184C272-E939-40A8-8662-7CC285B0B811}.Debug|Mixed Platforms.Build.0 = Debug|x86
		{5184C272-E939-40A8-8662-7CC285B0B811}.Debug|x86.ActiveCfg = Debug|x86
		{5184C272-E939-40A8-8662-7CC285B0B811}.Debug|x86.Build.0 = Debug|x86
		{5184C272-E939-40A8-8662-7CC285B0B811}.Release|Any CPU.ActiveCfg = Release|x86
		{5184C272-E939-40A8-8662-7CC285B0B811}.Release|Mixed Platforms.ActiveCfg = Release|x86
		{5184C272-E939-40A8-8662-7CC285B0B811}.Release|Mixed Platforms.Build.0 = Release|x86
		{5184C272-E939-40A8-8662-7CC285B0B811}.Release|x86.ActiveCfg = Release|x86
		{5184C272-E939-40A8-8662-7CC285B0B811}.Release|x86.Build.0 = Release|x86
	EndGlobalSection
	GlobalSection(SolutionProperties) = preSolution
		HideSolutionNode = FALSE
	EndGlobalSection
EndGlobal
